{
  "nodes": {
    "nixpkgs": {
      "locked": {
        "lastModified": 1738615802,
        "narHash": "sha256-qfmqjQcCabp0QthUfFGQjvUbhNBZYULsmRsr2kkCCtg=",
        "owner": "nixos",
        "repo": "nixpkgs",
        "rev": "494b2407ef95997176211a8758638205916873a9",
        "type": "github"
      },
      "original": {
        "owner": "nixos",
        "ref": "nixpkgs-unstable",
        "repo": "nixpkgs",
        "type": "github"
      }
    },
    "root": {
      "inputs": {
        "nixpkgs": "nixpkgs",
        "templates": "templates"
      }
    },
    "templates": {
      "locked": {
        "lastModified": 1725249436,
        "narHash": "sha256-qqKaxlPv+6Fyj+NUuOLPOlD82caqDkmpw63qOQkIzzc=",
        "owner": "NixOS",
        "repo": "templates",
        "rev": "ad0e221dda33c4b564fad976281130ce34a20cb9",
        "type": "github"
      },
      "original": {
        "id": "templates",
        "type": "indirect"
      }
    }
  },
  "root": "root",
  "version": 7
}
